
Microsoft Visual Studio Solution File, Format Version 12.00
# Visual Studio Version 17
VisualStudioVersion = 17.8.34330.188
MinimumVisualStudioVersion = 10.0.40219.1
Project("{FAE04EC0-301F-11D3-BF4B-00C04F79EFBC}") = "Caro không em", "Caro không em\Caro không em.csproj", "{A2006A66-10AE-45EA-9285-A0790F989EFC}"
EndProject
Project("{2150E333-8FDC-42A3-9474-1A3956D46DE8}") = "Solution Items", "Solution Items", "{8EC462FD-D22E-90A8-E5CE-7E832BA40C5D}"
	ProjectSection(SolutionItems) = preProject
		.gitignore = .gitignore
	EndProjectSection
EndProject
Global
	GlobalSection(SolutionConfigurationPlatforms) = preSolution
		Debug|Any CPU = Debug|Any CPU
		Release|Any CPU = Release|Any CPU
	EndGlobalSection
	GlobalSection(ProjectConfigurationPlatforms) = postSolution
		{A2006A66-10AE-45EA-9285-A0790F989EFC}.Debug|Any CPU.ActiveCfg = Debug|Any CPU
		{A2006A66-10AE-45EA-9285-A0790F989EFC}.Debug|Any CPU.Build.0 = Debug|Any CPU
		{A2006A66-10AE-45EA-9285-A0790F989EFC}.Release|Any CPU.ActiveCfg = Release|Any CPU
		{A2006A66-10AE-45EA-9285-A0790F989EFC}.Release|Any CPU.Build.0 = Release|Any CPU
	EndGlobalSection
	GlobalSection(SolutionProperties) = preSolution
		HideSolutionNode = FALSE
	EndGlobalSection
	GlobalSection(ExtensibilityGlobals) = postSolution
		SolutionGuid = {864477D6-B15F-4207-BBFA-1A36F609F14E}
	EndGlobalSection
EndGlobal
